
Microsoft Visual Studio Solution File, Format Version 12.00
Project("{FAE04EC0-301F-11D3-BF4B-00C04F79EFBC}") = "StereoKitQuickStart_NetCore", "StereoKitDotnet\StereoKitQuickStart_NetCore.csproj", "{E8A107F6-2B0C-458A-8A10-A16A6A75A281}"
EndProject
Global
	GlobalSection(SolutionConfigurationPlatforms) = preSolution
		Debug|Any CPU = Debug|Any CPU
		Release|Any CPU = Release|Any CPU
	EndGlobalSection
	GlobalSection(ProjectConfigurationPlatforms) = postSolution
		{E8A107F6-2B0C-458A-8A10-A16A6A75A281}.Debug|Any CPU.ActiveCfg = Debug|Any CPU
		{E8A107F6-2B0C-458A-8A10-A16A6A75A281}.Debug|Any CPU.Build.0 = Debug|Any CPU
		{E8A107F6-2B0C-458A-8A10-A16A6A75A281}.Release|Any CPU.ActiveCfg = Release|Any CPU
		{E8A107F6-2B0C-458A-8A10-A16A6A75A281}.Release|Any CPU.Build.0 = Release|Any CPU
	EndGlobalSection
EndGlobal
